{
  "version": 4,
  "terraform_version": "1.3.9",
  "serial": 17,
  "lineage": "07740ab3-c449-1fe3-11c2-e64799a87468",
  "outputs": {},
  "resources": [
    {
      "mode": "data",
      "type": "google_iam_policy",
      "name": "noauth",
      "provider": "provider[\"registry.terraform.io/hashicorp/google\"]",
      "instances": [
        {
          "schema_version": 0,
          "attributes": {
            "audit_config": null,
            "binding": [
              {
                "condition": [],
                "members": [
                  "allUsers"
                ],
                "role": "roles/run.invoker"
              }
            ],
            "id": "3450855414",
            "policy_data": "{\"bindings\":[{\"members\":[\"allUsers\"],\"role\":\"roles/run.invoker\"}]}"
          },
          "sensitive_attributes": []
        }
      ]
    },
    {
      "mode": "managed",
      "type": "google_artifact_registry_repository",
      "name": "app_repo",
      "provider": "provider[\"registry.terraform.io/hashicorp/google\"]",
      "instances": [
        {
          "schema_version": 0,
          "attributes": {
            "cleanup_policies": [],
            "cleanup_policy_dry_run": false,
            "create_time": "2026-04-30T10:22:28.195181Z",
            "description": "Docker repository for Medical Imaging PoV App",
            "docker_config": [],
            "effective_labels": {},
            "format": "DOCKER",
            "id": "projects/gsk-cmc-hackathon/locations/us-central1/repositories/med-imaging-pov-repo",
            "kms_key_name": "",
            "labels": null,
            "location": "us-central1",
            "maven_config": [],
            "mode": "STANDARD_REPOSITORY",
            "name": "med-imaging-pov-repo",
            "project": "gsk-cmc-hackathon",
            "remote_repository_config": [],
            "repository_id": "med-imaging-pov-repo",
            "terraform_labels": {},
            "timeouts": null,
            "update_time": "2026-04-30T10:22:28.195181Z",
            "virtual_repository_config": []
          },
          "sensitive_attributes": [],
          "private": "eyJlMmJmYjczMC1lY2FhLTExZTYtOGY4OC0zNDM2M2JjN2M0YzAiOnsiY3JlYXRlIjoxMjAwMDAwMDAwMDAwLCJkZWxldGUiOjEyMDAwMDAwMDAwMDAsInVwZGF0ZSI6MTIwMDAwMDAwMDAwMH19"
        }
      ]
    },
    {
      "mode": "managed",
      "type": "google_cloud_run_service_iam_policy",
      "name": "noauth_policy",
      "provider": "provider[\"registry.terraform.io/hashicorp/google\"]",
      "instances": [
        {
          "schema_version": 0,
          "attributes": {
            "etag": "BwZQqtnfC1o=",
            "id": "v1/projects/gsk-cmc-hackathon/locations/us-central1/services/med-imaging-pov-service",
            "location": "us-central1",
            "policy_data": "{\"bindings\":[{\"members\":[\"allUsers\"],\"role\":\"roles/run.invoker\"}]}",
            "project": "gsk-cmc-hackathon",
            "service": "v1/projects/gsk-cmc-hackathon/locations/us-central1/services/med-imaging-pov-service"
          },
          "sensitive_attributes": [],
          "private": "bnVsbA==",
          "dependencies": [
            "data.google_iam_policy.noauth",
            "google_cloud_run_v2_service.app_service",
            "google_service_account.app_sa",
            "google_storage_bucket.masks_output",
            "google_storage_bucket.reports_output",
            "google_storage_bucket.wsi_images",
            "google_vertex_ai_endpoint.medgemma_endpoint",
            "google_vertex_ai_endpoint.medsiglip_endpoint"
          ]
        }
      ]
    },
    {
      "mode": "managed",
      "type": "google_cloud_run_v2_service",
      "name": "app_service",
      "provider": "provider[\"registry.terraform.io/hashicorp/google\"]",
      "instances": [
        {
          "schema_version": 0,
          "attributes": {
            "annotations": null,
            "binary_authorization": [],
            "client": "",
            "client_version": "",
            "conditions": [
              {
                "execution_reason": "",
                "last_transition_time": "2026-04-30T10:22:59.113857Z",
                "message": "",
                "reason": "",
                "revision_reason": "",
                "severity": "",
                "state": "CONDITION_SUCCEEDED",
                "type": "RoutesReady"
              },
              {
                "execution_reason": "",
                "last_transition_time": "2026-04-30T10:22:57.895729Z",
                "message": "",
                "reason": "",
                "revision_reason": "",
                "severity": "",
                "state": "CONDITION_SUCCEEDED",
                "type": "ConfigurationsReady"
              }
            ],
            "create_time": "2026-04-30T10:22:47.267568Z",
            "creator": "saffi@google.com",
            "custom_audiences": null,
            "delete_time": "",
            "description": "",
            "effective_annotations": {},
            "effective_labels": {},
            "etag": "\"CPfazM8GEICHy38/cHJvamVjdHMvZ3NrLWNtYy1oYWNrYXRob24vbG9jYXRpb25zL3VzLWNlbnRyYWwxL3NlcnZpY2VzL21lZC1pbWFnaW5nLXBvdi1zZXJ2aWNl\"",
            "expire_time": "",
            "generation": "1",
            "id": "projects/gsk-cmc-hackathon/locations/us-central1/services/med-imaging-pov-service",
            "ingress": "INGRESS_TRAFFIC_ALL",
            "labels": null,
            "last_modifier": "saffi@google.com",
            "latest_created_revision": "projects/gsk-cmc-hackathon/locations/us-central1/services/med-imaging-pov-service/revisions/med-imaging-pov-service-00001-qk7",
            "latest_ready_revision": "projects/gsk-cmc-hackathon/locations/us-central1/services/med-imaging-pov-service/revisions/med-imaging-pov-service-00001-qk7",
            "launch_stage": "GA",
            "location": "us-central1",
            "name": "med-imaging-pov-service",
            "observed_generation": "1",
            "project": "gsk-cmc-hackathon",
            "reconciling": false,
            "template": [
              {
                "annotations": null,
                "containers": [
                  {
                    "args": null,
                    "command": null,
                    "depends_on": null,
                    "env": [
                      {
                        "name": "PROJECT_ID",
                        "value": "gsk-cmc-hackathon",
                        "value_source": []
                      },
                      {
                        "name": "REGION",
                        "value": "us-central1",
                        "value_source": []
                      },
                      {
                        "name": "WSI_BUCKET",
                        "value": "gsk-cmc-hackathon-med-imaging-pov-wsi-images",
                        "value_source": []
                      },
                      {
                        "name": "MASKS_BUCKET",
                        "value": "gsk-cmc-hackathon-med-imaging-pov-masks",
                        "value_source": []
                      },
                      {
                        "name": "REPORTS_BUCKET",
                        "value": "gsk-cmc-hackathon-med-imaging-pov-reports",
                        "value_source": []
                      },
                      {
                        "name": "MEDGEMMA_ENDPOINT",
                        "value": "projects/gsk-cmc-hackathon/locations/us-central1/endpoints/medgemma-endpoint",
                        "value_source": []
                      },
                      {
                        "name": "MEDSIGLIP_ENDPOINT",
                        "value": "projects/gsk-cmc-hackathon/locations/us-central1/endpoints/medsiglip-endpoint",
                        "value_source": []
                      }
                    ],
                    "image": "us-docker.pkg.dev/cloudrun/container/hello",
                    "liveness_probe": [],
                    "name": "",
                    "ports": [
                      {
                        "container_port": 8080,
                        "name": "http1"
                      }
                    ],
                    "resources": [
                      {
                        "cpu_idle": true,
                        "limits": {
                          "cpu": "1000m",
                          "memory": "512Mi"
                        },
                        "startup_cpu_boost": false
                      }
                    ],
                    "startup_probe": [
                      {
                        "failure_threshold": 1,
                        "grpc": [],
                        "http_get": [],
                        "initial_delay_seconds": 0,
                        "period_seconds": 240,
                        "tcp_socket": [
                          {
                            "port": 8080
                          }
                        ],
                        "timeout_seconds": 240
                      }
                    ],
                    "volume_mounts": [],
                    "working_dir": ""
                  }
                ],
                "encryption_key": "",
                "execution_environment": "",
                "labels": null,
                "max_instance_request_concurrency": 80,
                "revision": "",
                "scaling": [],
                "service_account": "med-imaging-pov-sa@gsk-cmc-hackathon.iam.gserviceaccount.com",
                "session_affinity": false,
                "timeout": "300s",
                "volumes": [],
                "vpc_access": []
              }
            ],
            "terminal_condition": [
              {
                "execution_reason": "",
                "last_transition_time": "2026-04-30T10:22:59.153571Z",
                "message": "",
                "reason": "",
                "revision_reason": "",
                "severity": "",
                "state": "CONDITION_SUCCEEDED",
                "type": "Ready"
              }
            ],
            "terraform_labels": {},
            "timeouts": null,
            "traffic": [
              {
                "percent": 100,
                "revision": "",
                "tag": "",
                "type": "TRAFFIC_TARGET_ALLOCATION_TYPE_LATEST"
              }
            ],
            "traffic_statuses": [
              {
                "percent": 100,
                "revision": "",
                "tag": "",
                "type": "TRAFFIC_TARGET_ALLOCATION_TYPE_LATEST",
                "uri": ""
              }
            ],
            "uid": "5c6901e8-d78f-47fe-a678-6c280bff91a1",
            "update_time": "2026-04-30T10:22:47.267568Z",
            "uri": "https://med-imaging-pov-service-efsoy7xzda-uc.a.run.app"
          },
          "sensitive_attributes": [],
          "private": "eyJlMmJmYjczMC1lY2FhLTExZTYtOGY4OC0zNDM2M2JjN2M0YzAiOnsiY3JlYXRlIjoxMjAwMDAwMDAwMDAwLCJkZWxldGUiOjEyMDAwMDAwMDAwMDAsInVwZGF0ZSI6MTIwMDAwMDAwMDAwMH19",
          "dependencies": [
            "google_service_account.app_sa",
            "google_storage_bucket.masks_output",
            "google_storage_bucket.reports_output",
            "google_storage_bucket.wsi_images",
            "google_vertex_ai_endpoint.medgemma_endpoint",
            "google_vertex_ai_endpoint.medsiglip_endpoint"
          ]
        }
      ]
    },
    {
      "mode": "managed",
      "type": "google_project_iam_member",
      "name": "sa_storage_admin",
      "provider": "provider[\"registry.terraform.io/hashicorp/google\"]",
      "instances": [
        {
          "schema_version": 0,
          "attributes": {
            "condition": [],
            "etag": "BwZQqthaAO0=",
            "id": "gsk-cmc-hackathon/roles/storage.admin/serviceAccount:med-imaging-pov-sa@gsk-cmc-hackathon.iam.gserviceaccount.com",
            "member": "serviceAccount:med-imaging-pov-sa@gsk-cmc-hackathon.iam.gserviceaccount.com",
            "project": "gsk-cmc-hackathon",
            "role": "roles/storage.admin"
          },
          "sensitive_attributes": [],
          "private": "bnVsbA==",
          "dependencies": [
            "google_service_account.app_sa"
          ]
        }
      ]
    },
    {
      "mode": "managed",
      "type": "google_project_iam_member",
      "name": "sa_vertex_user",
      "provider": "provider[\"registry.terraform.io/hashicorp/google\"]",
      "instances": [
        {
          "schema_version": 0,
          "attributes": {
            "condition": [],
            "etag": "BwZQqthaAO0=",
            "id": "gsk-cmc-hackathon/roles/aiplatform.user/serviceAccount:med-imaging-pov-sa@gsk-cmc-hackathon.iam.gserviceaccount.com",
            "member": "serviceAccount:med-imaging-pov-sa@gsk-cmc-hackathon.iam.gserviceaccount.com",
            "project": "gsk-cmc-hackathon",
            "role": "roles/aiplatform.user"
          },
          "sensitive_attributes": [],
          "private": "bnVsbA==",
          "dependencies": [
            "google_service_account.app_sa"
          ]
        }
      ]
    },
    {
      "mode": "managed",
      "type": "google_project_service",
      "name": "required_apis",
      "provider": "provider[\"registry.terraform.io/hashicorp/google\"]",
      "instances": [
        {
          "index_key": "aiplatform.googleapis.com",
          "schema_version": 0,
          "attributes": {
            "disable_dependent_services": null,
            "disable_on_destroy": false,
            "id": "gsk-cmc-hackathon/aiplatform.googleapis.com",
            "project": "gsk-cmc-hackathon",
            "service": "aiplatform.googleapis.com",
            "timeouts": null
          },
          "sensitive_attributes": [],
          "private": "eyJlMmJmYjczMC1lY2FhLTExZTYtOGY4OC0zNDM2M2JjN2M0YzAiOnsiY3JlYXRlIjoxMjAwMDAwMDAwMDAwLCJkZWxldGUiOjEyMDAwMDAwMDAwMDAsInJlYWQiOjYwMDAwMDAwMDAwMCwidXBkYXRlIjoxMjAwMDAwMDAwMDAwfX0="
        },
        {
          "index_key": "artifactregistry.googleapis.com",
          "schema_version": 0,
          "attributes": {
            "disable_dependent_services": null,
            "disable_on_destroy": false,
            "id": "gsk-cmc-hackathon/artifactregistry.googleapis.com",
            "project": "gsk-cmc-hackathon",
            "service": "artifactregistry.googleapis.com",
            "timeouts": null
          },
          "sensitive_attributes": [],
          "private": "eyJlMmJmYjczMC1lY2FhLTExZTYtOGY4OC0zNDM2M2JjN2M0YzAiOnsiY3JlYXRlIjoxMjAwMDAwMDAwMDAwLCJkZWxldGUiOjEyMDAwMDAwMDAwMDAsInJlYWQiOjYwMDAwMDAwMDAwMCwidXBkYXRlIjoxMjAwMDAwMDAwMDAwfX0="
        },
        {
          "index_key": "cloudbuild.googleapis.com",
          "schema_version": 0,
          "attributes": {
            "disable_dependent_services": null,
            "disable_on_destroy": false,
            "id": "gsk-cmc-hackathon/cloudbuild.googleapis.com",
            "project": "gsk-cmc-hackathon",
            "service": "cloudbuild.googleapis.com",
            "timeouts": null
          },
          "sensitive_attributes": [],
          "private": "eyJlMmJmYjczMC1lY2FhLTExZTYtOGY4OC0zNDM2M2JjN2M0YzAiOnsiY3JlYXRlIjoxMjAwMDAwMDAwMDAwLCJkZWxldGUiOjEyMDAwMDAwMDAwMDAsInJlYWQiOjYwMDAwMDAwMDAwMCwidXBkYXRlIjoxMjAwMDAwMDAwMDAwfX0="
        },
        {
          "index_key": "run.googleapis.com",
          "schema_version": 0,
          "attributes": {
            "disable_dependent_services": null,
            "disable_on_destroy": false,
            "id": "gsk-cmc-hackathon/run.googleapis.com",
            "project": "gsk-cmc-hackathon",
            "service": "run.googleapis.com",
            "timeouts": null
          },
          "sensitive_attributes": [],
          "private": "eyJlMmJmYjczMC1lY2FhLTExZTYtOGY4OC0zNDM2M2JjN2M0YzAiOnsiY3JlYXRlIjoxMjAwMDAwMDAwMDAwLCJkZWxldGUiOjEyMDAwMDAwMDAwMDAsInJlYWQiOjYwMDAwMDAwMDAwMCwidXBkYXRlIjoxMjAwMDAwMDAwMDAwfX0="
        },
        {
          "index_key": "storage.googleapis.com",
          "schema_version": 0,
          "attributes": {
            "disable_dependent_services": null,
            "disable_on_destroy": false,
            "id": "gsk-cmc-hackathon/storage.googleapis.com",
            "project": "gsk-cmc-hackathon",
            "service": "storage.googleapis.com",
            "timeouts": null
          },
          "sensitive_attributes": [],
          "private": "eyJlMmJmYjczMC1lY2FhLTExZTYtOGY4OC0zNDM2M2JjN2M0YzAiOnsiY3JlYXRlIjoxMjAwMDAwMDAwMDAwLCJkZWxldGUiOjEyMDAwMDAwMDAwMDAsInJlYWQiOjYwMDAwMDAwMDAwMCwidXBkYXRlIjoxMjAwMDAwMDAwMDAwfX0="
        }
      ]
    },
    {
      "mode": "managed",
      "type": "google_service_account",
      "name": "app_sa",
      "provider": "provider[\"registry.terraform.io/hashicorp/google\"]",
      "instances": [
        {
          "schema_version": 0,
          "attributes": {
            "account_id": "med-imaging-pov-sa",
            "create_ignore_already_exists": null,
            "description": "",
            "disabled": false,
            "display_name": "Service Account for Medical Imaging PoV App",
            "email": "med-imaging-pov-sa@gsk-cmc-hackathon.iam.gserviceaccount.com",
            "id": "projects/gsk-cmc-hackathon/serviceAccounts/med-imaging-pov-sa@gsk-cmc-hackathon.iam.gserviceaccount.com",
            "member": "serviceAccount:med-imaging-pov-sa@gsk-cmc-hackathon.iam.gserviceaccount.com",
            "name": "projects/gsk-cmc-hackathon/serviceAccounts/med-imaging-pov-sa@gsk-cmc-hackathon.iam.gserviceaccount.com",
            "project": "gsk-cmc-hackathon",
            "timeouts": null,
            "unique_id": "100474546167457337070"
          },
          "sensitive_attributes": [],
          "private": "eyJlMmJmYjczMC1lY2FhLTExZTYtOGY4OC0zNDM2M2JjN2M0YzAiOnsiY3JlYXRlIjozMDAwMDAwMDAwMDB9fQ=="
        }
      ]
    },
    {
      "mode": "managed",
      "type": "google_storage_bucket",
      "name": "masks_output",
      "provider": "provider[\"registry.terraform.io/hashicorp/google\"]",
      "instances": [
        {
          "schema_version": 2,
          "attributes": {
            "autoclass": [],
            "cors": [],
            "custom_placement_config": [],
            "default_event_based_hold": false,
            "effective_labels": {},
            "enable_object_retention": false,
            "encryption": [],
            "force_destroy": true,
            "id": "gsk-cmc-hackathon-med-imaging-pov-masks",
            "labels": null,
            "lifecycle_rule": [],
            "location": "US-CENTRAL1",
            "logging": [],
            "name": "gsk-cmc-hackathon-med-imaging-pov-masks",
            "project": "gsk-cmc-hackathon",
            "project_number": 651222451802,
            "public_access_prevention": "inherited",
            "requester_pays": false,
            "retention_policy": [],
            "rpo": null,
            "self_link": "https://www.googleapis.com/storage/v1/b/gsk-cmc-hackathon-med-imaging-pov-masks",
            "soft_delete_policy": [
              {
                "effective_time": "2026-04-30T10:22:27.687Z",
                "retention_duration_seconds": 604800
              }
            ],
            "storage_class": "STANDARD",
            "terraform_labels": {},
            "timeouts": null,
            "uniform_bucket_level_access": true,
            "url": "gs://gsk-cmc-hackathon-med-imaging-pov-masks",
            "versioning": [],
            "website": []
          },
          "sensitive_attributes": [],
          "private": "eyJlMmJmYjczMC1lY2FhLTExZTYtOGY4OC0zNDM2M2JjN2M0YzAiOnsiY3JlYXRlIjo2MDAwMDAwMDAwMDAsInJlYWQiOjI0MDAwMDAwMDAwMCwidXBkYXRlIjoyNDAwMDAwMDAwMDB9LCJzY2hlbWFfdmVyc2lvbiI6IjIifQ=="
        }
      ]
    },
    {
      "mode": "managed",
      "type": "google_storage_bucket",
      "name": "reports_output",
      "provider": "provider[\"registry.terraform.io/hashicorp/google\"]",
      "instances": [
        {
          "schema_version": 2,
          "attributes": {
            "autoclass": [],
            "cors": [],
            "custom_placement_config": [],
            "default_event_based_hold": false,
            "effective_labels": {},
            "enable_object_retention": false,
            "encryption": [],
            "force_destroy": true,
            "id": "gsk-cmc-hackathon-med-imaging-pov-reports",
            "labels": null,
            "lifecycle_rule": [],
            "location": "US-CENTRAL1",
            "logging": [],
            "name": "gsk-cmc-hackathon-med-imaging-pov-reports",
            "project": "gsk-cmc-hackathon",
            "project_number": 651222451802,
            "public_access_prevention": "inherited",
            "requester_pays": false,
            "retention_policy": [],
            "rpo": null,
            "self_link": "https://www.googleapis.com/storage/v1/b/gsk-cmc-hackathon-med-imaging-pov-reports",
            "soft_delete_policy": [
              {
                "effective_time": "2026-04-30T10:22:27.406Z",
                "retention_duration_seconds": 604800
              }
            ],
            "storage_class": "STANDARD",
            "terraform_labels": {},
            "timeouts": null,
            "uniform_bucket_level_access": true,
            "url": "gs://gsk-cmc-hackathon-med-imaging-pov-reports",
            "versioning": [],
            "website": []
          },
          "sensitive_attributes": [],
          "private": "eyJlMmJmYjczMC1lY2FhLTExZTYtOGY4OC0zNDM2M2JjN2M0YzAiOnsiY3JlYXRlIjo2MDAwMDAwMDAwMDAsInJlYWQiOjI0MDAwMDAwMDAwMCwidXBkYXRlIjoyNDAwMDAwMDAwMDB9LCJzY2hlbWFfdmVyc2lvbiI6IjIifQ=="
        }
      ]
    },
    {
      "mode": "managed",
      "type": "google_storage_bucket",
      "name": "wsi_images",
      "provider": "provider[\"registry.terraform.io/hashicorp/google\"]",
      "instances": [
        {
          "schema_version": 2,
          "attributes": {
            "autoclass": [],
            "cors": [
              {
                "max_age_seconds": 3600,
                "method": [
                  "GET",
                  "HEAD",
                  "PUT",
                  "POST",
                  "DELETE"
                ],
                "origin": [
                  "*"
                ],
                "response_header": [
                  "*"
                ]
              }
            ],
            "custom_placement_config": [],
            "default_event_based_hold": false,
            "effective_labels": {},
            "enable_object_retention": false,
            "encryption": [],
            "force_destroy": false,
            "id": "gsk-cmc-hackathon-med-imaging-pov-wsi-images",
            "labels": null,
            "lifecycle_rule": [],
            "location": "US-CENTRAL1",
            "logging": [],
            "name": "gsk-cmc-hackathon-med-imaging-pov-wsi-images",
            "project": "gsk-cmc-hackathon",
            "project_number": 651222451802,
            "public_access_prevention": "inherited",
            "requester_pays": false,
            "retention_policy": [],
            "rpo": null,
            "self_link": "https://www.googleapis.com/storage/v1/b/gsk-cmc-hackathon-med-imaging-pov-wsi-images",
            "soft_delete_policy": [
              {
                "effective_time": "2026-04-30T10:22:27.752Z",
                "retention_duration_seconds": 604800
              }
            ],
            "storage_class": "STANDARD",
            "terraform_labels": {},
            "timeouts": null,
            "uniform_bucket_level_access": true,
            "url": "gs://gsk-cmc-hackathon-med-imaging-pov-wsi-images",
            "versioning": [],
            "website": []
          },
          "sensitive_attributes": [],
          "private": "eyJlMmJmYjczMC1lY2FhLTExZTYtOGY4OC0zNDM2M2JjN2M0YzAiOnsiY3JlYXRlIjo2MDAwMDAwMDAwMDAsInJlYWQiOjI0MDAwMDAwMDAwMCwidXBkYXRlIjoyNDAwMDAwMDAwMDB9LCJzY2hlbWFfdmVyc2lvbiI6IjIifQ=="
        }
      ]
    },
    {
      "mode": "managed",
      "type": "google_vertex_ai_endpoint",
      "name": "medgemma_endpoint",
      "provider": "provider[\"registry.terraform.io/hashicorp/google\"]",
      "instances": [
        {
          "schema_version": 0,
          "attributes": {
            "create_time": "2026-04-30T10:22:35.298757Z",
            "deployed_models": [],
            "description": "Endpoint for MedGemma Foundation Model",
            "display_name": "medgemma-endpoint",
            "effective_labels": {},
            "encryption_spec": [],
            "etag": null,
            "id": "projects/gsk-cmc-hackathon/locations/us-central1/endpoints/medgemma-endpoint",
            "labels": null,
            "location": "us-central1",
            "model_deployment_monitoring_job": "",
            "name": "medgemma-endpoint",
            "network": "",
            "project": "gsk-cmc-hackathon",
            "region": null,
            "terraform_labels": {},
            "timeouts": null,
            "update_time": "2026-04-30T10:22:36.299364Z"
          },
          "sensitive_attributes": [],
          "private": "eyJlMmJmYjczMC1lY2FhLTExZTYtOGY4OC0zNDM2M2JjN2M0YzAiOnsiY3JlYXRlIjoxMjAwMDAwMDAwMDAwLCJkZWxldGUiOjEyMDAwMDAwMDAwMDAsInVwZGF0ZSI6MTIwMDAwMDAwMDAwMH19"
        }
      ]
    },
    {
      "mode": "managed",
      "type": "google_vertex_ai_endpoint",
      "name": "medsiglip_endpoint",
      "provider": "provider[\"registry.terraform.io/hashicorp/google\"]",
      "instances": [
        {
          "schema_version": 0,
          "attributes": {
            "create_time": "2026-04-30T10:22:35.298748Z",
            "deployed_models": [],
            "description": "Endpoint for MedSigLip Foundation Model",
            "display_name": "medsiglip-endpoint",
            "effective_labels": {},
            "encryption_spec": [],
            "etag": null,
            "id": "projects/gsk-cmc-hackathon/locations/us-central1/endpoints/medsiglip-endpoint",
            "labels": null,
            "location": "us-central1",
            "model_deployment_monitoring_job": "",
            "name": "medsiglip-endpoint",
            "network": "",
            "project": "gsk-cmc-hackathon",
            "region": null,
            "terraform_labels": {},
            "timeouts": null,
            "update_time": "2026-04-30T10:22:39.213642Z"
          },
          "sensitive_attributes": [],
          "private": "eyJlMmJmYjczMC1lY2FhLTExZTYtOGY4OC0zNDM2M2JjN2M0YzAiOnsiY3JlYXRlIjoxMjAwMDAwMDAwMDAwLCJkZWxldGUiOjEyMDAwMDAwMDAwMDAsInVwZGF0ZSI6MTIwMDAwMDAwMDAwMH19"
        }
      ]
    }
  ],
  "check_results": null
}
